// !$*UTF8*$!
{
	archiveVersion = 1;
	classes = {
	};
	objectVersion = 50;
	objects = {

/* Begin PBXBuildFile section */
		303545E721D5C62C0051B956 /* AppDelegate.swift in Sources */ = {isa = PBXBuildFile; fileRef = 303545E621D5C62C0051B956 /* AppDelegate.swift */; };
		303545E921D5C62C0051B956 /* MainVC.swift in Sources */ = {isa = PBXBuildFile; fileRef = 303545E821D5C62C0051B956 /* MainVC.swift */; };
		303545EC21D5C62C0051B956 /* Main.storyboard in Resources */ = {isa = PBXBuildFile; fileRef = 303545EA21D5C62C0051B956 /* Main.storyboard */; };
		303545EE21D5C62E0051B956 /* Assets.xcassets in Resources */ = {isa = PBXBuildFile; fileRef = 303545ED21D5C62E0051B956 /* Assets.xcassets */; };
		303545F121D5C62E0051B956 /* LaunchScreen.storyboard in Resources */ = {isa = PBXBuildFile; fileRef = 303545EF21D5C62E0051B956 /* LaunchScreen.storyboard */; };
		303545FE21D5CCD90051B956 /* CurrencyTextField.swift in Sources */ = {isa = PBXBuildFile; fileRef = 303545FD21D5CCD90051B956 /* CurrencyTextField.swift */; };
/* End PBXBuildFile section */

/* Begin PBXFileReference section */
		303545E321D5C62C0051B956 /* Window-Shopper-iOS.app */ = {isa = PBXFileReference; explicitFileType = wrapper.application; includeInIndex = 0; path = "Window-Shopper-iOS.app"; sourceTree = BUILT_PRODUCTS_DIR; };
		303545E621D5C62C0051B956 /* AppDelegate.swift */ = {isa = PBXFileReference; lastKnownFileType = sourcecode.swift; path = AppDelegate.swift; sourceTree = "<group>"; };
		303545E821D5C62C0051B956 /* MainVC.swift */ = {isa = PBXFileReference; lastKnownFileType = sourcecode.swift; path = MainVC.swift; sourceTree = "<group>"; };
		303545EB21D5C62C0051B956 /* Base */ = {isa = PBXFileReference; lastKnownFileType = file.storyboard; name = Base; path = Base.lproj/Main.storyboard; sourceTree = "<group>"; };
		303545ED21D5C62E0051B956 /* Assets.xcassets */ = {isa = PBXFileReference; lastKnownFileType = folder.assetcatalog; path = Assets.xcassets; sourceTree = "<group>"; };
		303545F021D5C62E0051B956 /* Base */ = {isa = PBXFileReference; lastKnownFileType = file.storyboard; name = Base; path = Base.lproj/LaunchScreen.storyboard; sourceTree = "<group>"; };
		303545F221D5C62E0051B956 /* Info.plist */ = {isa = PBXFileReference; lastKnownFileType = text.plist.xml; path = Info.plist; sourceTree = "<group>"; };
		303545FD21D5CCD90051B956 /* CurrencyTextField.swift */ = {isa = PBXFileReference; lastKnownFileType = sourcecode.swift; path = CurrencyTextField.swift; sourceTree = "<group>"; };
/* End PBXFileReference section */

/* Begin PBXFrameworksBuildPhase section */
		303545E021D5C62C0051B956 /* Frameworks */ = {
			isa = PBXFrameworksBuildPhase;
			buildActionMask = 2147483647;
			files = (
			);
			runOnlyForDeploymentPostprocessing = 0;
		};
/* End PBXFrameworksBuildPhase section */

/* Begin PBXGroup section */
		303545DA21D5C62B0051B956 = {
			isa = PBXGroup;
			children = (
				303545E521D5C62C0051B956 /* Window-Shopper-iOS */,
				303545E421D5C62C0051B956 /* Products */,
			);
			sourceTree = "<group>";
		};
		303545E421D5C62C0051B956 /* Products */ = {
			isa = PBXGroup;
			children = (
				303545E321D5C62C0051B956 /* Window-Shopper-iOS.app */,
			);
			name = Products;
			sourceTree = "<group>";
		};
		303545E521D5C62C0051B956 /* Window-Shopper-iOS */ = {
			isa = PBXGroup;
			children = (
				303545FC21D5CC290051B956 /* Views */,
				303545F921D5C9B90051B956 /* Controller */,
				303545E621D5C62C0051B956 /* AppDelegate.swift */,
				303545EA21D5C62C0051B956 /* Main.storyboard */,
				303545ED21D5C62E0051B956 /* Assets.xcassets */,
				303545EF21D5C62E0051B956 /* LaunchScreen.storyboard */,
				303545F221D5C62E0051B956 /* Info.plist */,
			);
			path = "Window-Shopper-iOS";
			sourceTree = "<group>";
		};
		303545F921D5C9B90051B956 /* Controller */ = {
			isa = PBXGroup;
			children = (
				303545E821D5C62C0051B956 /* MainVC.swift */,
			);
			path = Controller;
			sourceTree = "<group>";
		};
		303545FC21D5CC290051B956 /* Views */ = {
			isa = PBXGroup;
			children = (
				303545FD21D5CCD90051B956 /* CurrencyTextField.swift */,
			);
			path = Views;
			sourceTree = "<group>";
		};
/* End PBXGroup section */

/* Begin PBXNativeTarget section */
		303545E221D5C62C0051B956 /* Window-Shopper-iOS */ = {
			isa = PBXNativeTarget;
			buildConfigurationList = 303545F521D5C62E0051B956 /* Build configuration list for PBXNativeTarget "Window-Shopper-iOS" */;
			buildPhases = (
				303545DF21D5C62C0051B956 /* Sources */,
				303545E021D5C62C0051B956 /* Frameworks */,
				303545E121D5C62C0051B956 /* Resources */,
			);
			buildRules = (
			);
			dependencies = (
			);
			name = "Window-Shopper-iOS";
			productName = "Window-Shopper-iOS";
			productReference = 303545E321D5C62C0051B956 /* Window-Shopper-iOS.app */;
			productType = "com.apple.product-type.application";
		};
/* End PBXNativeTarget section */

/* Begin PBXProject section */
		303545DB21D5C62B0051B956 /* Project object */ = {
			isa = PBXProject;
			attributes = {
				LastSwiftUpdateCheck = 1000;
				LastUpgradeCheck = 1000;
				ORGANIZATIONNAME = "Tiara Mahardika";
				TargetAttributes = {
					303545E221D5C62C0051B956 = {
						CreatedOnToolsVersion = 10.0;
					};
				};
			};
			buildConfigurationList = 303545DE21D5C62B0051B956 /* Build configuration list for PBXProject "Window-Shopper-iOS" */;
			compatibilityVersion = "Xcode 9.3";
			developmentRegion = en;
			hasScannedForEncodings = 0;
			knownRegions = (
				en,
				Base,
			);
			mainGroup = 303545DA21D5C62B0051B956;
			productRefGroup = 303545E421D5C62C0051B956 /* Products */;
			projectDirPath = "";
			projectRoot = "";
			targets = (
				303545E221D5C62C0051B956 /* Window-Shopper-iOS */,
			);
		};
/* End PBXProject section */

/* Begin PBXResourcesBuildPhase section */
		303545E121D5C62C0051B956 /* Resources */ = {
			isa = PBXResourcesBuildPhase;
			buildActionMask = 2147483647;
			files = (
				303545F121D5C62E0051B956 /* LaunchScreen.storyboard in Resources */,
				303545EE21D5C62E0051B956 /* Assets.xcassets in Resources */,
				303545EC21D5C62C0051B956 /* Main.storyboard in Resources */,
			);
			runOnlyForDeploymentPostprocessing = 0;
		};
/* End PBXResourcesBuildPhase section */

/* Begin PBXSourcesBuildPhase section */
		303545DF21D5C62C0051B956 /* Sources */ = {
			isa = PBXSourcesBuildPhase;
			buildActionMask = 2147483647;
			files = (
				303545FE21D5CCD90051B956 /* CurrencyTextField.swift in Sources */,
				303545E921D5C62C0051B956 /* MainVC.swift in Sources */,
				303545E721D5C62C0051B956 /* AppDelegate.swift in Sources */,
			);
			runOnlyForDeploymentPostprocessing = 0;
		};
/* End PBXSourcesBuildPhase section */

/* Begin PBXVariantGroup section */
		303545EA21D5C62C0051B956 /* Main.storyboard */ = {
			isa = PBXVariantGroup;
			children = (
				303545EB21D5C62C0051B956 /* Base */,
			);
			name = Main.storyboard;
			sourceTree = "<group>";
		};
		303545EF21D5C62E0051B956 /* LaunchScreen.storyboard */ = {
			isa = PBXVariantGroup;
			children = (
				303545F021D5C62E0051B956 /* Base */,
			);
			name = LaunchScreen.storyboard;
			sourceTree = "<group>";
		};
/* End PBXVariantGroup section */

/* Begin XCBuildConfiguration section */
		303545F321D5C62E0051B956 /* Debug */ = {
			isa = XCBuildConfiguration;
			buildSettings = {
				ALWAYS_SEARCH_USER_PATHS = NO;
				CLANG_ANALYZER_NONNULL = YES;
				CLANG_ANALYZER_NUMBER_OBJECT_CONVERSION = YES_AGGRESSIVE;
				CLANG_CXX_LANGUAGE_STANDARD = "gnu++14";
				CLANG_CXX_LIBRARY = "libc++";
				CLANG_ENABLE_MODULES = YES;
				CLANG_ENABLE_OBJC_ARC = YES;
				CLANG_ENABLE_OBJC_WEAK = YES;
				CLANG_WARN_BLOCK_CAPTURE_AUTORELEASING = YES;
				CLANG_WARN_BOOL_CONVERSION = YES;
				CLANG_WARN_COMMA = YES;
				CLANG_WARN_CONSTANT_CONVERSION = YES;
				CLANG_WARN_DEPRECATED_OBJC_IMPLEMENTATIONS = YES;
				CLANG_WARN_DIRECT_OBJC_ISA_USAGE = YES_ERROR;
				CLANG_WARN_DOCUMENTATION_COMMENTS = YES;
				CLANG_WARN_EMPTY_BODY = YES;
				CLANG_WARN_ENUM_CONVERSION = YES;
				CLANG_WARN_INFINITE_RECURSION = YES;
				CLANG_WARN_INT_CONVERSION = YES;
				CLANG_WARN_NON_LITERAL_NULL_CONVERSION = YES;
				CLANG_WARN_OBJC_IMPLICIT_RETAIN_SELF = YES;
				CLANG_WARN_OBJC_LITERAL_CONVERSION = YES;
				CLANG_WARN_OBJC_ROOT_CLASS = YES_ERROR;
				CLANG_WARN_RANGE_LOOP_ANALYSIS = YES;
				CLANG_WARN_STRICT_PROTOTYPES = YES;
				CLANG_WARN_SUSPICIOUS_MOVE = YES;
				CLANG_WARN_UNGUARDED_AVAILABILITY = YES_AGGRESSIVE;
				CLANG_WARN_UNREACHABLE_CODE = YES;
				CLANG_WARN__DUPLICATE_METHOD_MATCH = YES;
				CODE_SIGN_IDENTITY = "iPhone Developer";
				COPY_PHASE_STRIP = NO;
				DEBUG_INFORMATION_FORMAT = dwarf;
				ENABLE_STRICT_OBJC_MSGSEND = YES;
				ENABLE_TESTABILITY = YES;
				GCC_C_LANGUAGE_STANDARD = gnu11;
				GCC_DYNAMIC_NO_PIC = NO;
				GCC_NO_COMMON_BLOCKS = YES;
				GCC_OPTIMIZATION_LEVEL = 0;
				GCC_PREPROCESSOR_DEFINITIONS = (
					"DEBUG=1",
					"$(inherited)",
				);
				GCC_WARN_64_TO_32_BIT_CONVERSION = YES;
				GCC_WARN_ABOUT_RETURN_TYPE = YES_ERROR;
				GCC_WARN_UNDECLARED_SELECTOR = YES;
				GCC_WARN_UNINITIALIZED_AUTOS = YES_AGGRESSIVE;
				GCC_WARN_UNUSED_FUNCTION = YES;
				GCC_WARN_UNUSED_VARIABLE = YES;
				IPHONEOS_DEPLOYMENT_TARGET = 12.0;
				MTL_ENABLE_DEBUG_INFO = INCLUDE_SOURCE;
				MTL_FAST_MATH = YES;
				ONLY_ACTIVE_ARCH = YES;
				SDKROOT = iphoneos;
				SWIFT_ACTIVE_COMPILATION_CONDITIONS = DEBUG;
				SWIFT_OPTIMIZATION_LEVEL = "-Onone";
			};
			name = Debug;
		};
		303545F421D5C62E0051B956 /* Release */ = {
			isa = XCBuildConfiguration;
			buildSettings = {
				ALWAYS_SEARCH_USER_PATHS = NO;
				CLANG_ANALYZER_NONNULL = YES;
				CLANG_ANALYZER_NUMBER_OBJECT_CONVERSION = YES_AGGRESSIVE;
				CLANG_CXX_LANGUAGE_STANDARD = "gnu++14";
				CLANG_CXX_LIBRARY = "libc++";
				CLANG_ENABLE_MODULES = YES;
				CLANG_ENABLE_OBJC_ARC = YES;
				CLANG_ENABLE_OBJC_WEAK = YES;
				CLANG_WARN_BLOCK_CAPTURE_AUTORELEASING = YES;
				CLANG_WARN_BOOL_CONVERSION = YES;
				CLANG_WARN_COMMA = YES;
				CLANG_WARN_CONSTANT_CONVERSION = YES;
				CLANG_WARN_DEPRECATED_OBJC_IMPLEMENTATIONS = YES;
				CLANG_WARN_DIRECT_OBJC_ISA_USAGE = YES_ERROR;
				CLANG_WARN_DOCUMENTATION_COMMENTS = YES;
				CLANG_WARN_EMPTY_BODY = YES;
				CLANG_WARN_ENUM_CONVERSION = YES;
				CLANG_WARN_INFINITE_RECURSION = YES;
				CLANG_WARN_INT_CONVERSION = YES;
				CLANG_WARN_NON_LITERAL_NULL_CONVERSION = YES;
				CLANG_WARN_OBJC_IMPLICIT_RETAIN_SELF = YES;
				CLANG_WARN_OBJC_LITERAL_CONVERSION = YES;
				CLANG_WARN_OBJC_ROOT_CLASS = YES_ERROR;
				CLANG_WARN_RANGE_LOOP_ANALYSIS = YES;
				CLANG_WARN_STRICT_PROTOTYPES = YES;
				CLANG_WARN_SUSPICIOUS_MOVE = YES;
				CLANG_WARN_UNGUARDED_AVAILABILITY = YES_AGGRESSIVE;
				CLANG_WARN_UNREACHABLE_CODE = YES;
				CLANG_WARN__DUPLICATE_METHOD_MATCH = YES;
				CODE_SIGN_IDENTITY = "iPhone Developer";
				COPY_PHASE_STRIP = NO;
				DEBUG_INFORMATION_FORMAT = "dwarf-with-dsym";
				ENABLE_NS_ASSERTIONS = NO;
				ENABLE_STRICT_OBJC_MSGSEND = YES;
				GCC_C_LANGUAGE_STANDARD = gnu11;
				GCC_NO_COMMON_BLOCKS = YES;
				GCC_WARN_64_TO_32_BIT_CONVERSION = YES;
				GCC_WARN_ABOUT_RETURN_TYPE = YES_ERROR;
				GCC_WARN_UNDECLARED_SELECTOR = YES;
				GCC_WARN_UNINITIALIZED_AUTOS = YES_AGGRESSIVE;
				GCC_WARN_UNUSED_FUNCTION = YES;
				GCC_WARN_UNUSED_VARIABLE = YES;
				IPHONEOS_DEPLOYMENT_TARGET = 12.0;
				MTL_ENABLE_DEBUG_INFO = NO;
				MTL_FAST_MATH = YES;
				SDKROOT = iphoneos;
				SWIFT_COMPILATION_MODE = wholemodule;
				SWIFT_OPTIMIZATION_LEVEL = "-O";
				VALIDATE_PRODUCT = YES;
			};
			name = Release;
		};
		303545F621D5C62E0051B956 /* Debug */ = {
			isa = XCBuildConfiguration;
			buildSettings = {
				ASSETCATALOG_COMPILER_APPICON_NAME = AppIcon;
				CODE_SIGN_STYLE = Automatic;
				INFOPLIST_FILE = "Window-Shopper-iOS/Info.plist";
				LD_RUNPATH_SEARCH_PATHS = (
					"$(inherited)",
					"@executable_path/Frameworks",
				);
				PRODUCT_BUNDLE_IDENTIFIER = "tiara.Window-Shopper-iOS";
				PRODUCT_NAME = "$(TARGET_NAME)";
				SWIFT_VERSION = 4.2;
				TARGETED_DEVICE_FAMILY = "1,2";
			};
			name = Debug;
		};
		303545F721D5C62E0051B956 /* Release */ = {
			isa = XCBuildConfiguration;
			buildSettings = {
				ASSETCATALOG_COMPILER_APPICON_NAME = AppIcon;
				CODE_SIGN_STYLE = Automatic;
				INFOPLIST_FILE = "Window-Shopper-iOS/Info.plist";
				LD_RUNPATH_SEARCH_PATHS = (
					"$(inherited)",
					"@executable_path/Frameworks",
				);
				PRODUCT_BUNDLE_IDENTIFIER = "tiara.Window-Shopper-iOS";
				PRODUCT_NAME = "$(TARGET_NAME)";
				SWIFT_VERSION = 4.2;
				TARGETED_DEVICE_FAMILY = "1,2";
			};
			name = Release;
		};
/* End XCBuildConfiguration section */

/* Begin XCConfigurationList section */
		303545DE21D5C62B0051B956 /* Build configuration list for PBXProject "Window-Shopper-iOS" */ = {
			isa = XCConfigurationList;
			buildConfigurations = (
				303545F321D5C62E0051B956 /* Debug */,
				303545F421D5C62E0051B956 /* Release */,
			);
			defaultConfigurationIsVisible = 0;
			defaultConfigurationName = Release;
		};
		303545F521D5C62E0051B956 /* Build configuration list for PBXNativeTarget "Window-Shopper-iOS" */ = {
			isa = XCConfigurationList;
			buildConfigurations = (
				303545F621D5C62E0051B956 /* Debug */,
				303545F721D5C62E0051B956 /* Release */,
			);
			defaultConfigurationIsVisible = 0;
			defaultConfigurationName = Release;
		};
/* End XCConfigurationList section */
	};
	rootObject = 303545DB21D5C62B0051B956 /* Project object */;
}
